
Microsoft Visual Studio Solution File, Format Version 12.00
# Visual Studio Version 16
VisualStudioVersion = 16.0.29102.190
MinimumVisualStudioVersion = 10.0.40219.1
Project("{FAE04EC0-301F-11D3-BF4B-00C04F79EFBC}") = "ArslanAssignment", "ArslanAssignment\ArslanAssignment.csproj", "{BC08B7E4-FED6-48B0-BC90-1EA865960A93}"
EndProject
Global
	GlobalSection(SolutionConfigurationPlatforms) = preSolution
		Debug|Any CPU = Debug|Any CPU
		Release|Any CPU = Release|Any CPU
	EndGlobalSection
	GlobalSection(ProjectConfigurationPlatforms) = postSolution
		{BC08B7E4-FED6-48B0-BC90-1EA865960A93}.Debug|Any CPU.ActiveCfg = Debug|Any CPU
		{BC08B7E4-FED6-48B0-BC90-1EA865960A93}.Debug|Any CPU.Build.0 = Debug|Any CPU
		{BC08B7E4-FED6-48B0-BC90-1EA865960A93}.Release|Any CPU.ActiveCfg = Release|Any CPU
		{BC08B7E4-FED6-48B0-BC90-1EA865960A93}.Release|Any CPU.Build.0 = Release|Any CPU
	EndGlobalSection
	GlobalSection(SolutionProperties) = preSolution
		HideSolutionNode = FALSE
	EndGlobalSection
	GlobalSection(ExtensibilityGlobals) = postSolution
		SolutionGuid = {63652499-3975-41D0-8341-0A42BC67455B}
	EndGlobalSection
EndGlobal
